
Microsoft Visual Studio Solution File, Format Version 12.00
# Visual Studio Version 17
VisualStudioVersion = 17.9.34723.18
MinimumVisualStudioVersion = 10.0.40219.1
Project("{FAE04EC0-301F-11D3-BF4B-00C04F79EFBC}") = "CWebServerLib", "CWebServerLib.csproj", "{3D20D0FE-4A45-47BD-8524-8D1979198A04}"
EndProject
Project("{FAE04EC0-301F-11D3-BF4B-00C04F79EFBC}") = "COrtakLib40", "..\COrtakLib40\COrtakLib40\COrtakLib40.csproj", "{166120A4-93EE-4CEE-BC1F-7DA6C7EB0D8E}"
EndProject
Project("{FAE04EC0-301F-11D3-BF4B-00C04F79EFBC}") = "COrtakLib", "..\COrtakLib\COrtakLib\COrtakLib.csproj", "{2709740A-BA5C-41ED-9FBB-25B944EE22AF}"
EndProject
Global
	GlobalSection(SolutionConfigurationPlatforms) = preSolution
		Debug|Any CPU = Debug|Any CPU
		Debug|Itanium = Debug|Itanium
		Debug|x64 = Debug|x64
		Debug|x86 = Debug|x86
		Release|Any CPU = Release|Any CPU
		Release|Itanium = Release|Itanium
		Release|x64 = Release|x64
		Release|x86 = Release|x86
	EndGlobalSection
	GlobalSection(ProjectConfigurationPlatforms) = postSolution
		{3D20D0FE-4A45-47BD-8524-8D1979198A04}.Debug|Any CPU.ActiveCfg = Debug|x86
		{3D20D0FE-4A45-47BD-8524-8D1979198A04}.Debug|Any CPU.Build.0 = Debug|x86
		{3D20D0FE-4A45-47BD-8524-8D1979198A04}.Debug|Itanium.ActiveCfg = Debug|x86
		{3D20D0FE-4A45-47BD-8524-8D1979198A04}.Debug|Itanium.Build.0 = Debug|x86
		{3D20D0FE-4A45-47BD-8524-8D1979198A04}.Debug|x64.ActiveCfg = Debug|x86
		{3D20D0FE-4A45-47BD-8524-8D1979198A04}.Debug|x64.Build.0 = Debug|x86
		{3D20D0FE-4A45-47BD-8524-8D1979198A04}.Debug|x86.ActiveCfg = Debug|x86
		{3D20D0FE-4A45-47BD-8524-8D1979198A04}.Debug|x86.Build.0 = Debug|x86
		{3D20D0FE-4A45-47BD-8524-8D1979198A04}.Release|Any CPU.ActiveCfg = Release|x86
		{3D20D0FE-4A45-47BD-8524-8D1979198A04}.Release|Any CPU.Build.0 = Release|x86
		{3D20D0FE-4A45-47BD-8524-8D1979198A04}.Release|Itanium.ActiveCfg = Release|x86
		{3D20D0FE-4A45-47BD-8524-8D1979198A04}.Release|Itanium.Build.0 = Release|x86
		{3D20D0FE-4A45-47BD-8524-8D1979198A04}.Release|x64.ActiveCfg = Release|x86
		{3D20D0FE-4A45-47BD-8524-8D1979198A04}.Release|x64.Build.0 = Release|x86
		{3D20D0FE-4A45-47BD-8524-8D1979198A04}.Release|x86.ActiveCfg = Release|x86
		{3D20D0FE-4A45-47BD-8524-8D1979198A04}.Release|x86.Build.0 = Release|x86
		{166120A4-93EE-4CEE-BC1F-7DA6C7EB0D8E}.Debug|Any CPU.ActiveCfg = Debug|Any CPU
		{166120A4-93EE-4CEE-BC1F-7DA6C7EB0D8E}.Debug|Any CPU.Build.0 = Debug|Any CPU
		{166120A4-93EE-4CEE-BC1F-7DA6C7EB0D8E}.Debug|Itanium.ActiveCfg = Debug|Any CPU
		{166120A4-93EE-4CEE-BC1F-7DA6C7EB0D8E}.Debug|Itanium.Build.0 = Debug|Any CPU
		{166120A4-93EE-4CEE-BC1F-7DA6C7EB0D8E}.Debug|x64.ActiveCfg = Debug|Any CPU
		{166120A4-93EE-4CEE-BC1F-7DA6C7EB0D8E}.Debug|x64.Build.0 = Debug|Any CPU
		{166120A4-93EE-4CEE-BC1F-7DA6C7EB0D8E}.Debug|x86.ActiveCfg = Debug|x86
		{166120A4-93EE-4CEE-BC1F-7DA6C7EB0D8E}.Debug|x86.Build.0 = Debug|x86
		{166120A4-93EE-4CEE-BC1F-7DA6C7EB0D8E}.Release|Any CPU.ActiveCfg = Release|Any CPU
		{166120A4-93EE-4CEE-BC1F-7DA6C7EB0D8E}.Release|Any CPU.Build.0 = Release|Any CPU
		{166120A4-93EE-4CEE-BC1F-7DA6C7EB0D8E}.Release|Itanium.ActiveCfg = Release|Any CPU
		{166120A4-93EE-4CEE-BC1F-7DA6C7EB0D8E}.Release|Itanium.Build.0 = Release|Any CPU
		{166120A4-93EE-4CEE-BC1F-7DA6C7EB0D8E}.Release|x64.ActiveCfg = Release|Any CPU
		{166120A4-93EE-4CEE-BC1F-7DA6C7EB0D8E}.Release|x64.Build.0 = Release|Any CPU
		{166120A4-93EE-4CEE-BC1F-7DA6C7EB0D8E}.Release|x86.ActiveCfg = Release|x86
		{166120A4-93EE-4CEE-BC1F-7DA6C7EB0D8E}.Release|x86.Build.0 = Release|x86
		{2709740A-BA5C-41ED-9FBB-25B944EE22AF}.Debug|Any CPU.ActiveCfg = Debug|Any CPU
		{2709740A-BA5C-41ED-9FBB-25B944EE22AF}.Debug|Any CPU.Build.0 = Debug|Any CPU
		{2709740A-BA5C-41ED-9FBB-25B944EE22AF}.Debug|Itanium.ActiveCfg = Debug|Itanium
		{2709740A-BA5C-41ED-9FBB-25B944EE22AF}.Debug|Itanium.Build.0 = Debug|Itanium
		{2709740A-BA5C-41ED-9FBB-25B944EE22AF}.Debug|x64.ActiveCfg = Debug|x64
		{2709740A-BA5C-41ED-9FBB-25B944EE22AF}.Debug|x64.Build.0 = Debug|x64
		{2709740A-BA5C-41ED-9FBB-25B944EE22AF}.Debug|x86.ActiveCfg = Debug|x86
		{2709740A-BA5C-41ED-9FBB-25B944EE22AF}.Debug|x86.Build.0 = Debug|x86
		{2709740A-BA5C-41ED-9FBB-25B944EE22AF}.Release|Any CPU.ActiveCfg = Release|Any CPU
		{2709740A-BA5C-41ED-9FBB-25B944EE22AF}.Release|Any CPU.Build.0 = Release|Any CPU
		{2709740A-BA5C-41ED-9FBB-25B944EE22AF}.Release|Itanium.ActiveCfg = Release|Itanium
		{2709740A-BA5C-41ED-9FBB-25B944EE22AF}.Release|Itanium.Build.0 = Release|Itanium
		{2709740A-BA5C-41ED-9FBB-25B944EE22AF}.Release|x64.ActiveCfg = Release|x64
		{2709740A-BA5C-41ED-9FBB-25B944EE22AF}.Release|x64.Build.0 = Release|x64
		{2709740A-BA5C-41ED-9FBB-25B944EE22AF}.Release|x86.ActiveCfg = Release|x86
		{2709740A-BA5C-41ED-9FBB-25B944EE22AF}.Release|x86.Build.0 = Release|x86
	EndGlobalSection
	GlobalSection(SolutionProperties) = preSolution
		HideSolutionNode = FALSE
	EndGlobalSection
	GlobalSection(ExtensibilityGlobals) = postSolution
		SolutionGuid = {07BF4AF6-DF8E-408D-BF78-15F6522429CD}
	EndGlobalSection
EndGlobal
